{
  "nodes": {
    "nix-darwin": {
      "inputs": {
        "nixpkgs": [
          "nixpkgs"
        ]
      },
      "locked": {
        "lastModified": 1730980823,
        "narHash": "sha256-nUSlnYSeg4N18LByLw8luEvrV+8Hwgddh9Bp13mo3wA=",
        "owner": "lnl7",
        "repo": "nix-darwin",
        "rev": "fa7b46fa7716d0ff1abaa59ee2472ab25ad07188",
        "type": "github"
      },
      "original": {
        "owner": "lnl7",
        "repo": "nix-darwin",
        "type": "github"
      }
    },
    "nixpkgs": {
      "locked": {
        "lastModified": 1730928433,
        "narHash": "sha256-yXSfN0VIlgVHJcA/Hnvpc01OERFPcX12ynguoiBths8=",
        "owner": "nixos",
        "repo": "nixpkgs",
        "rev": "fe348e1a06a2d791e992d46844a83d2d44436c5a",
        "type": "github"
      },
      "original": {
        "owner": "nixos",
        "ref": "nixpkgs-unstable",
        "repo": "nixpkgs",
        "type": "github"
      }
    },
    "root": {
      "inputs": {
        "nix-darwin": "nix-darwin",
        "nixpkgs": "nixpkgs"
      }
    }
  },
  "root": "root",
  "version": 7
}
