{
  "lockfile-version": 1,
  "manifest": {
    "version": 1,
    "install": {
      "age": {
        "pkg-path": "age"
      },
      "gnugrep": {
        "pkg-path": "gnugrep"
      },
      "gnused": {
        "pkg-path": "gnused"
      },
      "pre-commit": {
        "pkg-path": "pre-commit"
      },
      "uutils-coreutils-noprefix": {
        "pkg-path": "uutils-coreutils-noprefix"
      },
      "uutils-diffutils": {
        "pkg-path": "uutils-diffutils"
      },
      "uutils-findutils": {
        "pkg-path": "uutils-findutils"
      }
    },
    "hook": {
      "on-activate": "  echo \"\"\n  echo \"🚀 Activating Flox environment....\"\n  echo \"Flox '$(flox --version)' located in '$(which flox)'.\"\n  echo \"Nix '$(nix --version | awk '{print $3}')' located in '$(which nix)'.\"\n  # keep-sorted start\n  echo \"Age '$(age --version)' located in '$(which age)'.\"\n  echo \"Cp '$(cp --version | awk '{print $2}')' located in '$(which cp)'.\"\n  echo \"Diff '$(diff --version | head --lines 1 | awk '{print $4}')' located in '$(which diff)'.\"\n  echo \"Find '$(find --version | awk '{print $3}')' located in '$(which find)'.\"\n  echo \"GnuGrep '$(grep --version | head --lines 1 | awk '{print $4}')' located in '$(which grep)'.\"\n  echo \"GnuSed '$(sed --version | head --lines 1 | awk '{print $4}')' located in '$(which sed)'.\"\n  echo \"Pre-commit '$(pre-commit --version | awk '{print $2}' )' located in '$(which pre-commit)'.\"\n  # keep-sorted end\n  echo \"\"\n"
    },
    "profile": {},
    "options": {
      "systems": [
        "aarch64-darwin",
        "aarch64-linux",
        "x86_64-darwin",
        "x86_64-linux"
      ]
    }
  },
  "packages": [
    {
      "attr_path": "age",
      "broken": false,
      "derivation": "/nix/store/wgvq56px27imdydiimkf6vpy6nf5r791-age-1.2.1.drv",
      "description": "Modern encryption tool with small explicit keys",
      "install_id": "age",
      "license": "BSD-3-Clause",
      "locked_url": "https://github.com/flox/nixpkgs?rev=94def634a20494ee057c76998843c015909d6311",
      "name": "age-1.2.1",
      "pname": "age",
      "rev": "94def634a20494ee057c76998843c015909d6311",
      "rev_count": 837094,
      "rev_date": "2025-07-31T05:30:45Z",
      "scrape_date": "2025-08-02T00:29:07.608253Z",
      "stabilities": [
        "unstable"
      ],
      "unfree": false,
      "version": "1.2.1",
      "outputs_to_install": [
        "out"
      ],
      "outputs": {
        "out": "/nix/store/jqwrv77x8mz79i7bw09vsy6iwx07ihma-age-1.2.1"
      },
      "system": "aarch64-darwin",
      "group": "toplevel",
      "priority": 5
    },
    {
      "attr_path": "age",
      "broken": false,
      "derivation": "/nix/store/l7qlk22ia0ydjbm6628pvv57mcw04qb3-age-1.2.1.drv",
      "description": "Modern encryption tool with small explicit keys",
      "install_id": "age",
      "license": "BSD-3-Clause",
      "locked_url": "https://github.com/flox/nixpkgs?rev=94def634a20494ee057c76998843c015909d6311",
      "name": "age-1.2.1",
      "pname": "age",
      "rev": "94def634a20494ee057c76998843c015909d6311",
      "rev_count": 837094,
      "rev_date": "2025-07-31T05:30:45Z",
      "scrape_date": "2025-08-02T00:49:18.234764Z",
      "stabilities": [
        "unstable"
      ],
      "unfree": false,
      "version": "1.2.1",
      "outputs_to_install": [
        "out"
      ],
      "outputs": {
        "out": "/nix/store/kcl5nz5yisy6d2nijc4k4sbkbb6wgq2y-age-1.2.1"
      },
      "system": "aarch64-linux",
      "group": "toplevel",
      "priority": 5
    },
    {
      "attr_path": "age",
      "broken": false,
      "derivation": "/nix/store/ysdzxidq1s6ah2nr0gsjiszcv2spmyi1-age-1.2.1.drv",
      "description": "Modern encryption tool with small explicit keys",
      "install_id": "age",
      "license": "BSD-3-Clause",
      "locked_url": "https://github.com/flox/nixpkgs?rev=94def634a20494ee057c76998843c015909d6311",
      "name": "age-1.2.1",
      "pname": "age",
      "rev": "94def634a20494ee057c76998843c015909d6311",
      "rev_count": 837094,
      "rev_date": "2025-07-31T05:30:45Z",
      "scrape_date": "2025-08-02T01:09:23.855054Z",
      "stabilities": [
        "unstable"
      ],
      "unfree": false,
      "version": "1.2.1",
      "outputs_to_install": [
        "out"
      ],
      "outputs": {
        "out": "/nix/store/h4qkn2fmr77bwxdz620yjzhy6q9bqfwk-age-1.2.1"
      },
      "system": "x86_64-darwin",
      "group": "toplevel",
      "priority": 5
    },
    {
      "attr_path": "age",
      "broken": false,
      "derivation": "/nix/store/9306bgdsrvgf7n846qj0g7ixzvkf15g0-age-1.2.1.drv",
      "description": "Modern encryption tool with small explicit keys",
      "install_id": "age",
      "license": "BSD-3-Clause",
      "locked_url": "https://github.com/flox/nixpkgs?rev=94def634a20494ee057c76998843c015909d6311",
      "name": "age-1.2.1",
      "pname": "age",
      "rev": "94def634a20494ee057c76998843c015909d6311",
      "rev_count": 837094,
      "rev_date": "2025-07-31T05:30:45Z",
      "scrape_date": "2025-08-02T01:33:44.070498Z",
      "stabilities": [
        "unstable"
      ],
      "unfree": false,
      "version": "1.2.1",
      "outputs_to_install": [
        "out"
      ],
      "outputs": {
        "out": "/nix/store/kz11gvc49kmd1wgf0w3mnx0cwgpfgv6w-age-1.2.1"
      },
      "system": "x86_64-linux",
      "group": "toplevel",
      "priority": 5
    },
    {
      "attr_path": "gnugrep",
      "broken": false,
      "derivation": "/nix/store/wcr9whj7q1h2cnfgjr4iccflc3kiyn5c-gnugrep-3.12.drv",
      "description": "GNU implementation of the Unix grep command",
      "install_id": "gnugrep",
      "license": "GPL-3.0-or-later",
      "locked_url": "https://github.com/flox/nixpkgs?rev=94def634a20494ee057c76998843c015909d6311",
      "name": "gnugrep-3.12",
      "pname": "gnugrep",
      "rev": "94def634a20494ee057c76998843c015909d6311",
      "rev_count": 837094,
      "rev_date": "2025-07-31T05:30:45Z",
      "scrape_date": "2025-08-02T00:29:09.033646Z",
      "stabilities": [
        "unstable"
      ],
      "unfree": false,
      "version": "3.12",
      "outputs_to_install": [
        "out"
      ],
      "outputs": {
        "info": "/nix/store/v2ykyf0v2pwn2r1sr6z3k145b4vrdwiz-gnugrep-3.12-info",
        "out": "/nix/store/f9mkdp2bnnbwshk9vjr4jj34md6911bp-gnugrep-3.12"
      },
      "system": "aarch64-darwin",
      "group": "toplevel",
      "priority": 5
    },
    {
      "attr_path": "gnugrep",
      "broken": false,
      "derivation": "/nix/store/jpx15njhaf5vvwl8kmdc3gx8fpin0nxh-gnugrep-3.12.drv",
      "description": "GNU implementation of the Unix grep command",
      "install_id": "gnugrep",
      "license": "GPL-3.0-or-later",
      "locked_url": "https://github.com/flox/nixpkgs?rev=94def634a20494ee057c76998843c015909d6311",
      "name": "gnugrep-3.12",
      "pname": "gnugrep",
      "rev": "94def634a20494ee057c76998843c015909d6311",
      "rev_count": 837094,
      "rev_date": "2025-07-31T05:30:45Z",
      "scrape_date": "2025-08-02T00:49:20.013475Z",
      "stabilities": [
        "unstable"
      ],
      "unfree": false,
      "version": "3.12",
      "outputs_to_install": [
        "out"
      ],
      "outputs": {
        "info": "/nix/store/0kh29ykqwpsv91q5p1kp7q3q3qn3ihxl-gnugrep-3.12-info",
        "out": "/nix/store/c719rihk36bxwgbr8anyhn22h0x7ylp4-gnugrep-3.12"
      },
      "system": "aarch64-linux",
      "group": "toplevel",
      "priority": 5
    },
    {
      "attr_path": "gnugrep",
      "broken": false,
      "derivation": "/nix/store/jr97h9y26vqi1nxzy6rsps5hj5n2c8hq-gnugrep-3.12.drv",
      "description": "GNU implementation of the Unix grep command",
      "install_id": "gnugrep",
      "license": "GPL-3.0-or-later",
      "locked_url": "https://github.com/flox/nixpkgs?rev=94def634a20494ee057c76998843c015909d6311",
      "name": "gnugrep-3.12",
      "pname": "gnugrep",
      "rev": "94def634a20494ee057c76998843c015909d6311",
      "rev_count": 837094,
      "rev_date": "2025-07-31T05:30:45Z",
      "scrape_date": "2025-08-02T01:09:24.890685Z",
      "stabilities": [
        "unstable"
      ],
      "unfree": false,
      "version": "3.12",
      "outputs_to_install": [
        "out"
      ],
      "outputs": {
        "info": "/nix/store/9hn95kd8d71nbjhrnkwmiffmzy7kgvbk-gnugrep-3.12-info",
        "out": "/nix/store/zfhxb1786sivl2psmqqji41y8r6avvwv-gnugrep-3.12"
      },
      "system": "x86_64-darwin",
      "group": "toplevel",
      "priority": 5
    },
    {
      "attr_path": "gnugrep",
      "broken": false,
      "derivation": "/nix/store/nf3myayksk60sz7f251gc543knz4ay8l-gnugrep-3.12.drv",
      "description": "GNU implementation of the Unix grep command",
      "install_id": "gnugrep",
      "license": "GPL-3.0-or-later",
      "locked_url": "https://github.com/flox/nixpkgs?rev=94def634a20494ee057c76998843c015909d6311",
      "name": "gnugrep-3.12",
      "pname": "gnugrep",
      "rev": "94def634a20494ee057c76998843c015909d6311",
      "rev_count": 837094,
      "rev_date": "2025-07-31T05:30:45Z",
      "scrape_date": "2025-08-02T01:33:46.144580Z",
      "stabilities": [
        "unstable"
      ],
      "unfree": false,
      "version": "3.12",
      "outputs_to_install": [
        "out"
      ],
      "outputs": {
        "info": "/nix/store/f0jpsd2ssrvixjprdrfvs1x47r16fdwn-gnugrep-3.12-info",
        "out": "/nix/store/k7gv42hpqwh6ghiyl4ava9p5r249x6vn-gnugrep-3.12"
      },
      "system": "x86_64-linux",
      "group": "toplevel",
      "priority": 5
    },
    {
      "attr_path": "gnused",
      "broken": false,
      "derivation": "/nix/store/dp3ks0336r1r7f7414fz8siqm5bch790-gnused-4.9.drv",
      "description": "GNU sed, a batch stream editor",
      "install_id": "gnused",
      "license": "GPL-3.0-or-later",
      "locked_url": "https://github.com/flox/nixpkgs?rev=94def634a20494ee057c76998843c015909d6311",
      "name": "gnused-4.9",
      "pname": "gnused",
      "rev": "94def634a20494ee057c76998843c015909d6311",
      "rev_count": 837094,
      "rev_date": "2025-07-31T05:30:45Z",
      "scrape_date": "2025-08-02T00:29:09.038890Z",
      "stabilities": [
        "unstable"
      ],
      "unfree": false,
      "version": "4.9",
      "outputs_to_install": [
        "out"
      ],
      "outputs": {
        "info": "/nix/store/3iq8pi0lkz0mhpmcwqbsq9qk0bfim6p0-gnused-4.9-info",
        "out": "/nix/store/1299nwb4c57z3hamkfa33r1hf1cm73li-gnused-4.9"
      },
      "system": "aarch64-darwin",
      "group": "toplevel",
      "priority": 5
    },
    {
      "attr_path": "gnused",
      "broken": false,
      "derivation": "/nix/store/v2hagnkhibc0d95rsvmp1yb644xqgq3b-gnused-4.9.drv",
      "description": "GNU sed, a batch stream editor",
      "install_id": "gnused",
      "license": "GPL-3.0-or-later",
      "locked_url": "https://github.com/flox/nixpkgs?rev=94def634a20494ee057c76998843c015909d6311",
      "name": "gnused-4.9",
      "pname": "gnused",
      "rev": "94def634a20494ee057c76998843c015909d6311",
      "rev_count": 837094,
      "rev_date": "2025-07-31T05:30:45Z",
      "scrape_date": "2025-08-02T00:49:20.021980Z",
      "stabilities": [
        "unstable"
      ],
      "unfree": false,
      "version": "4.9",
      "outputs_to_install": [
        "out"
      ],
      "outputs": {
        "info": "/nix/store/klf1jsapqylamznp4ajf3d7y8lm1a1by-gnused-4.9-info",
        "out": "/nix/store/b6xhk3vpaa7xh4if3a5agm26b0xd29lk-gnused-4.9"
      },
      "system": "aarch64-linux",
      "group": "toplevel",
      "priority": 5
    },
    {
      "attr_path": "gnused",
      "broken": false,
      "derivation": "/nix/store/gjpyljf5fsvhkha17ya3k3k4hcn3435l-gnused-4.9.drv",
      "description": "GNU sed, a batch stream editor",
      "install_id": "gnused",
      "license": "GPL-3.0-or-later",
      "locked_url": "https://github.com/flox/nixpkgs?rev=94def634a20494ee057c76998843c015909d6311",
      "name": "gnused-4.9",
      "pname": "gnused",
      "rev": "94def634a20494ee057c76998843c015909d6311",
      "rev_count": 837094,
      "rev_date": "2025-07-31T05:30:45Z",
      "scrape_date": "2025-08-02T01:09:24.896273Z",
      "stabilities": [
        "unstable"
      ],
      "unfree": false,
      "version": "4.9",
      "outputs_to_install": [
        "out"
      ],
      "outputs": {
        "info": "/nix/store/ggy2kqzdiynzpkimb4sv3r17k5kqzcv7-gnused-4.9-info",
        "out": "/nix/store/ayvlyyh845f11a8y0j3h01gcz0f4xwr5-gnused-4.9"
      },
      "system": "x86_64-darwin",
      "group": "toplevel",
      "priority": 5
    },
    {
      "attr_path": "gnused",
      "broken": false,
      "derivation": "/nix/store/kjraz0h56k41265kgazngg8277ridigw-gnused-4.9.drv",
      "description": "GNU sed, a batch stream editor",
      "install_id": "gnused",
      "license": "GPL-3.0-or-later",
      "locked_url": "https://github.com/flox/nixpkgs?rev=94def634a20494ee057c76998843c015909d6311",
      "name": "gnused-4.9",
      "pname": "gnused",
      "rev": "94def634a20494ee057c76998843c015909d6311",
      "rev_count": 837094,
      "rev_date": "2025-07-31T05:30:45Z",
      "scrape_date": "2025-08-02T01:33:46.153931Z",
      "stabilities": [
        "unstable"
      ],
      "unfree": false,
      "version": "4.9",
      "outputs_to_install": [
        "out"
      ],
      "outputs": {
        "info": "/nix/store/pg0x36jmj9b3kbfhasgx7gr6p0k24jhi-gnused-4.9-info",
        "out": "/nix/store/ql68miwsgz9094bi3qa7nk17bfwf6h6a-gnused-4.9"
      },
      "system": "x86_64-linux",
      "group": "toplevel",
      "priority": 5
    },
    {
      "attr_path": "pre-commit",
      "broken": false,
      "derivation": "/nix/store/64j15a1mn20ps2qbqabg63nrj6ycsi0n-pre-commit-4.2.0.drv",
      "description": "Framework for managing and maintaining multi-language pre-commit hooks",
      "install_id": "pre-commit",
      "license": "MIT",
      "locked_url": "https://github.com/flox/nixpkgs?rev=94def634a20494ee057c76998843c015909d6311",
      "name": "pre-commit-4.2.0",
      "pname": "pre-commit",
      "rev": "94def634a20494ee057c76998843c015909d6311",
      "rev_count": 837094,
      "rev_date": "2025-07-31T05:30:45Z",
      "scrape_date": "2025-08-02T00:29:17.462582Z",
      "stabilities": [
        "unstable"
      ],
      "unfree": false,
      "version": "4.2.0",
      "outputs_to_install": [
        "out"
      ],
      "outputs": {
        "dist": "/nix/store/kbqa2nga20lgjwsgzknym6h36n9877nv-pre-commit-4.2.0-dist",
        "out": "/nix/store/h4pqsrh6hqjzpqnd16g4wr2js81ckx7b-pre-commit-4.2.0"
      },
      "system": "aarch64-darwin",
      "group": "toplevel",
      "priority": 5
    },
    {
      "attr_path": "pre-commit",
      "broken": false,
      "derivation": "/nix/store/9n9h49zx12g21qk0bapydxc4laj2fvqw-pre-commit-4.2.0.drv",
      "description": "Framework for managing and maintaining multi-language pre-commit hooks",
      "install_id": "pre-commit",
      "license": "MIT",
      "locked_url": "https://github.com/flox/nixpkgs?rev=94def634a20494ee057c76998843c015909d6311",
      "name": "pre-commit-4.2.0",
      "pname": "pre-commit",
      "rev": "94def634a20494ee057c76998843c015909d6311",
      "rev_count": 837094,
      "rev_date": "2025-07-31T05:30:45Z",
      "scrape_date": "2025-08-02T00:49:40.108814Z",
      "stabilities": [
        "unstable"
      ],
      "unfree": false,
      "version": "4.2.0",
      "outputs_to_install": [
        "out"
      ],
      "outputs": {
        "dist": "/nix/store/l7x6ib29sphr8y7q72yww4bvvh9lwgmd-pre-commit-4.2.0-dist",
        "out": "/nix/store/08kjjkd9dg9dslklljhwkhzc47ncyzfc-pre-commit-4.2.0"
      },
      "system": "aarch64-linux",
      "group": "toplevel",
      "priority": 5
    },
    {
      "attr_path": "pre-commit",
      "broken": false,
      "derivation": "/nix/store/0g8kf4dpa6j6bgm6n6k1k99hdc8vj75g-pre-commit-4.2.0.drv",
      "description": "Framework for managing and maintaining multi-language pre-commit hooks",
      "install_id": "pre-commit",
      "license": "MIT",
      "locked_url": "https://github.com/flox/nixpkgs?rev=94def634a20494ee057c76998843c015909d6311",
      "name": "pre-commit-4.2.0",
      "pname": "pre-commit",
      "rev": "94def634a20494ee057c76998843c015909d6311",
      "rev_count": 837094,
      "rev_date": "2025-07-31T05:30:45Z",
      "scrape_date": "2025-08-02T01:09:33.682999Z",
      "stabilities": [
        "unstable"
      ],
      "unfree": false,
      "version": "4.2.0",
      "outputs_to_install": [
        "out"
      ],
      "outputs": {
        "dist": "/nix/store/2mqqdfv7q0i05b44w0dpia4q47w2cmhz-pre-commit-4.2.0-dist",
        "out": "/nix/store/dm4vs2vvdqw34ihdja6jn5j5h6kbc0lg-pre-commit-4.2.0"
      },
      "system": "x86_64-darwin",
      "group": "toplevel",
      "priority": 5
    },
    {
      "attr_path": "pre-commit",
      "broken": false,
      "derivation": "/nix/store/948w8bw7xwzm4f72425mr5aaq9ingkq0-pre-commit-4.2.0.drv",
      "description": "Framework for managing and maintaining multi-language pre-commit hooks",
      "install_id": "pre-commit",
      "license": "MIT",
      "locked_url": "https://github.com/flox/nixpkgs?rev=94def634a20494ee057c76998843c015909d6311",
      "name": "pre-commit-4.2.0",
      "pname": "pre-commit",
      "rev": "94def634a20494ee057c76998843c015909d6311",
      "rev_count": 837094,
      "rev_date": "2025-07-31T05:30:45Z",
      "scrape_date": "2025-08-02T01:34:09.334551Z",
      "stabilities": [
        "unstable"
      ],
      "unfree": false,
      "version": "4.2.0",
      "outputs_to_install": [
        "out"
      ],
      "outputs": {
        "dist": "/nix/store/hwa3dzmgnp5f9m74ic1y5aylah8gz0z7-pre-commit-4.2.0-dist",
        "out": "/nix/store/v0sf67x7sw6pg277amhgf3j84m60wrqn-pre-commit-4.2.0"
      },
      "system": "x86_64-linux",
      "group": "toplevel",
      "priority": 5
    },
    {
      "attr_path": "uutils-coreutils-noprefix",
      "broken": false,
      "derivation": "/nix/store/0ywg1sr3k2pzdyjc82aw44qq8aqpqjv9-uutils-coreutils-0.1.0.drv",
      "description": "Cross-platform Rust rewrite of the GNU coreutils",
      "install_id": "uutils-coreutils-noprefix",
      "license": "MIT",
      "locked_url": "https://github.com/flox/nixpkgs?rev=94def634a20494ee057c76998843c015909d6311",
      "name": "uutils-coreutils-0.1.0",
      "pname": "uutils-coreutils-noprefix",
      "rev": "94def634a20494ee057c76998843c015909d6311",
      "rev_count": 837094,
      "rev_date": "2025-07-31T05:30:45Z",
      "scrape_date": "2025-08-02T00:30:08.122192Z",
      "stabilities": [
        "unstable"
      ],
      "unfree": false,
      "version": "0.1.0",
      "outputs_to_install": [
        "out"
      ],
      "outputs": {
        "out": "/nix/store/ms9czzbhw2myyqd6d6m21zgp5q4myvcg-uutils-coreutils-0.1.0"
      },
      "system": "aarch64-darwin",
      "group": "toplevel",
      "priority": 5
    },
    {
      "attr_path": "uutils-coreutils-noprefix",
      "broken": false,
      "derivation": "/nix/store/1l02ysa9vl4lh26bk5dw3ih1z4bs6dxl-uutils-coreutils-0.1.0.drv",
      "description": "Cross-platform Rust rewrite of the GNU coreutils",
      "install_id": "uutils-coreutils-noprefix",
      "license": "MIT",
      "locked_url": "https://github.com/flox/nixpkgs?rev=94def634a20494ee057c76998843c015909d6311",
      "name": "uutils-coreutils-0.1.0",
      "pname": "uutils-coreutils-noprefix",
      "rev": "94def634a20494ee057c76998843c015909d6311",
      "rev_count": 837094,
      "rev_date": "2025-07-31T05:30:45Z",
      "scrape_date": "2025-08-02T00:50:51.310934Z",
      "stabilities": [
        "unstable"
      ],
      "unfree": false,
      "version": "0.1.0",
      "outputs_to_install": [
        "out"
      ],
      "outputs": {
        "out": "/nix/store/grb2pqsfqvq2bn44i9vm06jhwf97d7kl-uutils-coreutils-0.1.0"
      },
      "system": "aarch64-linux",
      "group": "toplevel",
      "priority": 5
    },
    {
      "attr_path": "uutils-coreutils-noprefix",
      "broken": false,
      "derivation": "/nix/store/h0pmb3b7c4k4kx3njilar1v8l83lzcz4-uutils-coreutils-0.1.0.drv",
      "description": "Cross-platform Rust rewrite of the GNU coreutils",
      "install_id": "uutils-coreutils-noprefix",
      "license": "MIT",
      "locked_url": "https://github.com/flox/nixpkgs?rev=94def634a20494ee057c76998843c015909d6311",
      "name": "uutils-coreutils-0.1.0",
      "pname": "uutils-coreutils-noprefix",
      "rev": "94def634a20494ee057c76998843c015909d6311",
      "rev_count": 837094,
      "rev_date": "2025-07-31T05:30:45Z",
      "scrape_date": "2025-08-02T01:10:25.868358Z",
      "stabilities": [
        "unstable"
      ],
      "unfree": false,
      "version": "0.1.0",
      "outputs_to_install": [
        "out"
      ],
      "outputs": {
        "out": "/nix/store/qv43ghv47w309lkw4a7higpp1h0hh4hf-uutils-coreutils-0.1.0"
      },
      "system": "x86_64-darwin",
      "group": "toplevel",
      "priority": 5
    },
    {
      "attr_path": "uutils-coreutils-noprefix",
      "broken": false,
      "derivation": "/nix/store/kyvvqa7bf465bdgi3zv51caawaj31gwg-uutils-coreutils-0.1.0.drv",
      "description": "Cross-platform Rust rewrite of the GNU coreutils",
      "install_id": "uutils-coreutils-noprefix",
      "license": "MIT",
      "locked_url": "https://github.com/flox/nixpkgs?rev=94def634a20494ee057c76998843c015909d6311",
      "name": "uutils-coreutils-0.1.0",
      "pname": "uutils-coreutils-noprefix",
      "rev": "94def634a20494ee057c76998843c015909d6311",
      "rev_count": 837094,
      "rev_date": "2025-07-31T05:30:45Z",
      "scrape_date": "2025-08-02T01:35:27.605459Z",
      "stabilities": [
        "unstable"
      ],
      "unfree": false,
      "version": "0.1.0",
      "outputs_to_install": [
        "out"
      ],
      "outputs": {
        "out": "/nix/store/96nvq459rrlxfxjjhqwc0ri8y3wxf1ma-uutils-coreutils-0.1.0"
      },
      "system": "x86_64-linux",
      "group": "toplevel",
      "priority": 5
    },
    {
      "attr_path": "uutils-diffutils",
      "broken": false,
      "derivation": "/nix/store/9f8qc7wzchgwrjr2qik8dvpdz6c19nsw-uutils-diffutils-0.4.2.drv",
      "description": "Drop-in replacement of diffutils in Rust",
      "install_id": "uutils-diffutils",
      "license": "MIT",
      "locked_url": "https://github.com/flox/nixpkgs?rev=94def634a20494ee057c76998843c015909d6311",
      "name": "uutils-diffutils-0.4.2",
      "pname": "uutils-diffutils",
      "rev": "94def634a20494ee057c76998843c015909d6311",
      "rev_count": 837094,
      "rev_date": "2025-07-31T05:30:45Z",
      "scrape_date": "2025-08-02T00:30:08.124104Z",
      "stabilities": [
        "unstable"
      ],
      "unfree": false,
      "version": "0.4.2",
      "outputs_to_install": [
        "out"
      ],
      "outputs": {
        "out": "/nix/store/r64rhflqxhm5pfrf0qcd0zdxp0kllygm-uutils-diffutils-0.4.2"
      },
      "system": "aarch64-darwin",
      "group": "toplevel",
      "priority": 5
    },
    {
      "attr_path": "uutils-diffutils",
      "broken": false,
      "derivation": "/nix/store/57xiavr2dblibjcsah6whhwhaw54jsl1-uutils-diffutils-0.4.2.drv",
      "description": "Drop-in replacement of diffutils in Rust",
      "install_id": "uutils-diffutils",
      "license": "MIT",
      "locked_url": "https://github.com/flox/nixpkgs?rev=94def634a20494ee057c76998843c015909d6311",
      "name": "uutils-diffutils-0.4.2",
      "pname": "uutils-diffutils",
      "rev": "94def634a20494ee057c76998843c015909d6311",
      "rev_count": 837094,
      "rev_date": "2025-07-31T05:30:45Z",
      "scrape_date": "2025-08-02T00:50:51.313380Z",
      "stabilities": [
        "unstable"
      ],
      "unfree": false,
      "version": "0.4.2",
      "outputs_to_install": [
        "out"
      ],
      "outputs": {
        "out": "/nix/store/pj2sps2yvf43l7nr77v1ynvxsbv85kh5-uutils-diffutils-0.4.2"
      },
      "system": "aarch64-linux",
      "group": "toplevel",
      "priority": 5
    },
    {
      "attr_path": "uutils-diffutils",
      "broken": false,
      "derivation": "/nix/store/3370z2pn25nci1s0j2ds57pzmrsj6n7l-uutils-diffutils-0.4.2.drv",
      "description": "Drop-in replacement of diffutils in Rust",
      "install_id": "uutils-diffutils",
      "license": "MIT",
      "locked_url": "https://github.com/flox/nixpkgs?rev=94def634a20494ee057c76998843c015909d6311",
      "name": "uutils-diffutils-0.4.2",
      "pname": "uutils-diffutils",
      "rev": "94def634a20494ee057c76998843c015909d6311",
      "rev_count": 837094,
      "rev_date": "2025-07-31T05:30:45Z",
      "scrape_date": "2025-08-02T01:10:25.870352Z",
      "stabilities": [
        "unstable"
      ],
      "unfree": false,
      "version": "0.4.2",
      "outputs_to_install": [
        "out"
      ],
      "outputs": {
        "out": "/nix/store/4g9ki1q56grw23n49c23ii481sh07acp-uutils-diffutils-0.4.2"
      },
      "system": "x86_64-darwin",
      "group": "toplevel",
      "priority": 5
    },
    {
      "attr_path": "uutils-diffutils",
      "broken": false,
      "derivation": "/nix/store/56bfz3rrm7k20r63yij6nsaknmnxc60j-uutils-diffutils-0.4.2.drv",
      "description": "Drop-in replacement of diffutils in Rust",
      "install_id": "uutils-diffutils",
      "license": "MIT",
      "locked_url": "https://github.com/flox/nixpkgs?rev=94def634a20494ee057c76998843c015909d6311",
      "name": "uutils-diffutils-0.4.2",
      "pname": "uutils-diffutils",
      "rev": "94def634a20494ee057c76998843c015909d6311",
      "rev_count": 837094,
      "rev_date": "2025-07-31T05:30:45Z",
      "scrape_date": "2025-08-02T01:35:27.608088Z",
      "stabilities": [
        "unstable"
      ],
      "unfree": false,
      "version": "0.4.2",
      "outputs_to_install": [
        "out"
      ],
      "outputs": {
        "out": "/nix/store/pkp2brr1mvvk6w1ysv5b3fcgjaqd2dxy-uutils-diffutils-0.4.2"
      },
      "system": "x86_64-linux",
      "group": "toplevel",
      "priority": 5
    },
    {
      "attr_path": "uutils-findutils",
      "broken": false,
      "derivation": "/nix/store/qbqq3z0d3fkaacvy5h3gvcv4fv40vbld-uutils-findutils-0.8.0.drv",
      "description": "Rust implementation of findutils",
      "install_id": "uutils-findutils",
      "license": "MIT",
      "locked_url": "https://github.com/flox/nixpkgs?rev=94def634a20494ee057c76998843c015909d6311",
      "name": "uutils-findutils-0.8.0",
      "pname": "uutils-findutils",
      "rev": "94def634a20494ee057c76998843c015909d6311",
      "rev_count": 837094,
      "rev_date": "2025-07-31T05:30:45Z",
      "scrape_date": "2025-08-02T00:30:08.126011Z",
      "stabilities": [
        "unstable"
      ],
      "unfree": false,
      "version": "0.8.0",
      "outputs_to_install": [
        "out"
      ],
      "outputs": {
        "out": "/nix/store/j5xqca17qp9b65bbandhm415w9pp17xs-uutils-findutils-0.8.0"
      },
      "system": "aarch64-darwin",
      "group": "toplevel",
      "priority": 5
    },
    {
      "attr_path": "uutils-findutils",
      "broken": false,
      "derivation": "/nix/store/jsjrxj16zzj3l1j7z2z2frkhqnnlsr3z-uutils-findutils-0.8.0.drv",
      "description": "Rust implementation of findutils",
      "install_id": "uutils-findutils",
      "license": "MIT",
      "locked_url": "https://github.com/flox/nixpkgs?rev=94def634a20494ee057c76998843c015909d6311",
      "name": "uutils-findutils-0.8.0",
      "pname": "uutils-findutils",
      "rev": "94def634a20494ee057c76998843c015909d6311",
      "rev_count": 837094,
      "rev_date": "2025-07-31T05:30:45Z",
      "scrape_date": "2025-08-02T00:50:51.315819Z",
      "stabilities": [
        "unstable"
      ],
      "unfree": false,
      "version": "0.8.0",
      "outputs_to_install": [
        "out"
      ],
      "outputs": {
        "out": "/nix/store/lvb5n92m91m583hd6n8hlqpzv061s159-uutils-findutils-0.8.0"
      },
      "system": "aarch64-linux",
      "group": "toplevel",
      "priority": 5
    },
    {
      "attr_path": "uutils-findutils",
      "broken": false,
      "derivation": "/nix/store/qzzq3y62b67188f23yc62h3hwd0cijs8-uutils-findutils-0.8.0.drv",
      "description": "Rust implementation of findutils",
      "install_id": "uutils-findutils",
      "license": "MIT",
      "locked_url": "https://github.com/flox/nixpkgs?rev=94def634a20494ee057c76998843c015909d6311",
      "name": "uutils-findutils-0.8.0",
      "pname": "uutils-findutils",
      "rev": "94def634a20494ee057c76998843c015909d6311",
      "rev_count": 837094,
      "rev_date": "2025-07-31T05:30:45Z",
      "scrape_date": "2025-08-02T01:10:25.872371Z",
      "stabilities": [
        "unstable"
      ],
      "unfree": false,
      "version": "0.8.0",
      "outputs_to_install": [
        "out"
      ],
      "outputs": {
        "out": "/nix/store/655la7dnw1zpxzzfi9z20lrgnnxpp7z3-uutils-findutils-0.8.0"
      },
      "system": "x86_64-darwin",
      "group": "toplevel",
      "priority": 5
    },
    {
      "attr_path": "uutils-findutils",
      "broken": false,
      "derivation": "/nix/store/z9dqihxlvh51k6qsscf87hd7s5g3dnv5-uutils-findutils-0.8.0.drv",
      "description": "Rust implementation of findutils",
      "install_id": "uutils-findutils",
      "license": "MIT",
      "locked_url": "https://github.com/flox/nixpkgs?rev=94def634a20494ee057c76998843c015909d6311",
      "name": "uutils-findutils-0.8.0",
      "pname": "uutils-findutils",
      "rev": "94def634a20494ee057c76998843c015909d6311",
      "rev_count": 837094,
      "rev_date": "2025-07-31T05:30:45Z",
      "scrape_date": "2025-08-02T01:35:27.610690Z",
      "stabilities": [
        "unstable"
      ],
      "unfree": false,
      "version": "0.8.0",
      "outputs_to_install": [
        "out"
      ],
      "outputs": {
        "out": "/nix/store/0x5pvgj0xj5b8fsanlflg0lzhjabfk0z-uutils-findutils-0.8.0"
      },
      "system": "x86_64-linux",
      "group": "toplevel",
      "priority": 5
    }
  ]
}