{
  "lockfile-version": 1,
  "manifest": {
    "version": 1,
    "install": {
      "age": {
        "pkg-path": "age"
      },
      "gnugrep": {
        "pkg-path": "gnugrep"
      },
      "gnused": {
        "pkg-path": "gnused"
      },
      "pre-commit": {
        "pkg-path": "pre-commit"
      },
      "uutils-coreutils-noprefix": {
        "pkg-path": "uutils-coreutils-noprefix"
      },
      "uutils-diffutils": {
        "pkg-path": "uutils-diffutils"
      },
      "uutils-findutils": {
        "pkg-path": "uutils-findutils"
      }
    },
    "hook": {
      "on-activate": "  echo \"\"\n  echo \"🚀 Activating Flox environment....\"\n  echo \"Flox '$(flox --version)' located in '$(which flox)'.\"\n  echo \"Nix '$(nix --version | awk '{print $3}')' located in '$(which nix)'.\"\n  # keep-sorted start\n  echo \"Age '$(age --version)' located in '$(which age)'.\"\n  echo \"Cp '$(cp --version | awk '{print $2}')' located in '$(which cp)'.\"\n  echo \"Diff '$(diff --version | head --lines 1 | awk '{print $4}')' located in '$(which diff)'.\"\n  echo \"Find '$(find --version | awk '{print $3}')' located in '$(which find)'.\"\n  echo \"GnuGrep '$(grep --version | head --lines 1 | awk '{print $4}')' located in '$(which grep)'.\"\n  echo \"GnuSed '$(sed --version | head --lines 1 | awk '{print $4}')' located in '$(which sed)'.\"\n  echo \"Pre-commit '$(pre-commit --version | awk '{print $2}' )' located in '$(which pre-commit)'.\"\n  # keep-sorted end\n  echo \"\"\n"
    },
    "profile": {},
    "options": {
      "systems": [
        "aarch64-darwin",
        "aarch64-linux",
        "x86_64-darwin",
        "x86_64-linux"
      ],
      "allow": {
        "licenses": []
      },
      "semver": {}
    }
  },
  "packages": [
    {
      "attr_path": "age",
      "broken": false,
      "derivation": "/nix/store/7lwpd8a55jwzmswhl4wna99vr28lnpgh-age-1.2.1.drv",
      "description": "Modern encryption tool with small explicit keys",
      "install_id": "age",
      "license": "BSD-3-Clause",
      "locked_url": "https://github.com/flox/nixpkgs?rev=d89fc19e405cb2d55ce7cc114356846a0ee5e956",
      "name": "age-1.2.1",
      "pname": "age",
      "rev": "d89fc19e405cb2d55ce7cc114356846a0ee5e956",
      "rev_count": 797896,
      "rev_date": "2025-05-10T19:10:37Z",
      "scrape_date": "2025-05-13T04:25:16.180797Z",
      "stabilities": [
        "unstable"
      ],
      "unfree": false,
      "version": "1.2.1",
      "outputs_to_install": [
        "out"
      ],
      "outputs": {
        "out": "/nix/store/i8smcl0kxnn3h0shphix7yhaq9r15pdj-age-1.2.1"
      },
      "system": "aarch64-darwin",
      "group": "toplevel",
      "priority": 5
    },
    {
      "attr_path": "age",
      "broken": false,
      "derivation": "/nix/store/s3v4190qzr68z78nckphqj0wjr9cxqfv-age-1.2.1.drv",
      "description": "Modern encryption tool with small explicit keys",
      "install_id": "age",
      "license": "BSD-3-Clause",
      "locked_url": "https://github.com/flox/nixpkgs?rev=d89fc19e405cb2d55ce7cc114356846a0ee5e956",
      "name": "age-1.2.1",
      "pname": "age",
      "rev": "d89fc19e405cb2d55ce7cc114356846a0ee5e956",
      "rev_count": 797896,
      "rev_date": "2025-05-10T19:10:37Z",
      "scrape_date": "2025-05-13T04:48:07.032206Z",
      "stabilities": [
        "unstable"
      ],
      "unfree": false,
      "version": "1.2.1",
      "outputs_to_install": [
        "out"
      ],
      "outputs": {
        "out": "/nix/store/syfax07lzz66bbha32pcnm8rprn5ni40-age-1.2.1"
      },
      "system": "aarch64-linux",
      "group": "toplevel",
      "priority": 5
    },
    {
      "attr_path": "age",
      "broken": false,
      "derivation": "/nix/store/f2jp59a02bxr5gm754h8c539qkg7vpra-age-1.2.1.drv",
      "description": "Modern encryption tool with small explicit keys",
      "install_id": "age",
      "license": "BSD-3-Clause",
      "locked_url": "https://github.com/flox/nixpkgs?rev=d89fc19e405cb2d55ce7cc114356846a0ee5e956",
      "name": "age-1.2.1",
      "pname": "age",
      "rev": "d89fc19e405cb2d55ce7cc114356846a0ee5e956",
      "rev_count": 797896,
      "rev_date": "2025-05-10T19:10:37Z",
      "scrape_date": "2025-05-13T05:08:10.875381Z",
      "stabilities": [
        "unstable"
      ],
      "unfree": false,
      "version": "1.2.1",
      "outputs_to_install": [
        "out"
      ],
      "outputs": {
        "out": "/nix/store/hqrn9y6wcf6xncvb6az4f44r250bnrj5-age-1.2.1"
      },
      "system": "x86_64-darwin",
      "group": "toplevel",
      "priority": 5
    },
    {
      "attr_path": "age",
      "broken": false,
      "derivation": "/nix/store/bxzir2vl6wzvlnzp72wskxgxz52msbry-age-1.2.1.drv",
      "description": "Modern encryption tool with small explicit keys",
      "install_id": "age",
      "license": "BSD-3-Clause",
      "locked_url": "https://github.com/flox/nixpkgs?rev=d89fc19e405cb2d55ce7cc114356846a0ee5e956",
      "name": "age-1.2.1",
      "pname": "age",
      "rev": "d89fc19e405cb2d55ce7cc114356846a0ee5e956",
      "rev_count": 797896,
      "rev_date": "2025-05-10T19:10:37Z",
      "scrape_date": "2025-05-13T05:34:18.713808Z",
      "stabilities": [
        "unstable"
      ],
      "unfree": false,
      "version": "1.2.1",
      "outputs_to_install": [
        "out"
      ],
      "outputs": {
        "out": "/nix/store/rbvfvsrkhchqk1gc2zs0s9ag5sgfpz2z-age-1.2.1"
      },
      "system": "x86_64-linux",
      "group": "toplevel",
      "priority": 5
    },
    {
      "attr_path": "gnugrep",
      "broken": false,
      "derivation": "/nix/store/w3hi0qm69rwphyzph04k1kw38ilkx7gb-gnugrep-3.11.drv",
      "description": "GNU implementation of the Unix grep command",
      "install_id": "gnugrep",
      "license": "GPL-3.0-or-later",
      "locked_url": "https://github.com/flox/nixpkgs?rev=d89fc19e405cb2d55ce7cc114356846a0ee5e956",
      "name": "gnugrep-3.11",
      "pname": "gnugrep",
      "rev": "d89fc19e405cb2d55ce7cc114356846a0ee5e956",
      "rev_count": 797896,
      "rev_date": "2025-05-10T19:10:37Z",
      "scrape_date": "2025-05-13T04:25:17.134756Z",
      "stabilities": [
        "unstable"
      ],
      "unfree": false,
      "version": "3.11",
      "outputs_to_install": [
        "out"
      ],
      "outputs": {
        "info": "/nix/store/i02wj1rphcqb0cra1ns28z3ahdmh4zif-gnugrep-3.11-info",
        "out": "/nix/store/phssz9lgny3mwx26w3z5zi9ns324mn80-gnugrep-3.11"
      },
      "system": "aarch64-darwin",
      "group": "toplevel",
      "priority": 5
    },
    {
      "attr_path": "gnugrep",
      "broken": false,
      "derivation": "/nix/store/q5jr6hspj79h315g46yp321njy6dm89f-gnugrep-3.11.drv",
      "description": "GNU implementation of the Unix grep command",
      "install_id": "gnugrep",
      "license": "GPL-3.0-or-later",
      "locked_url": "https://github.com/flox/nixpkgs?rev=d89fc19e405cb2d55ce7cc114356846a0ee5e956",
      "name": "gnugrep-3.11",
      "pname": "gnugrep",
      "rev": "d89fc19e405cb2d55ce7cc114356846a0ee5e956",
      "rev_count": 797896,
      "rev_date": "2025-05-10T19:10:37Z",
      "scrape_date": "2025-05-13T04:48:08.875956Z",
      "stabilities": [
        "unstable"
      ],
      "unfree": false,
      "version": "3.11",
      "outputs_to_install": [
        "out"
      ],
      "outputs": {
        "info": "/nix/store/8bcis2i7j036npiaxn3fxd6rl4gna6vv-gnugrep-3.11-info",
        "out": "/nix/store/lhhcqd2m2hjq1c3qizj7zc4bx33y457w-gnugrep-3.11"
      },
      "system": "aarch64-linux",
      "group": "toplevel",
      "priority": 5
    },
    {
      "attr_path": "gnugrep",
      "broken": false,
      "derivation": "/nix/store/zmnyipxz7ylmi9yz3py2izib26kf330g-gnugrep-3.11.drv",
      "description": "GNU implementation of the Unix grep command",
      "install_id": "gnugrep",
      "license": "GPL-3.0-or-later",
      "locked_url": "https://github.com/flox/nixpkgs?rev=d89fc19e405cb2d55ce7cc114356846a0ee5e956",
      "name": "gnugrep-3.11",
      "pname": "gnugrep",
      "rev": "d89fc19e405cb2d55ce7cc114356846a0ee5e956",
      "rev_count": 797896,
      "rev_date": "2025-05-10T19:10:37Z",
      "scrape_date": "2025-05-13T05:08:11.829019Z",
      "stabilities": [
        "unstable"
      ],
      "unfree": false,
      "version": "3.11",
      "outputs_to_install": [
        "out"
      ],
      "outputs": {
        "info": "/nix/store/8i7iwqa474k59fgnmx2xyrslvb4dpx3i-gnugrep-3.11-info",
        "out": "/nix/store/pz7px83vv64fw9fnfbpp2vdp6pnf5rpd-gnugrep-3.11"
      },
      "system": "x86_64-darwin",
      "group": "toplevel",
      "priority": 5
    },
    {
      "attr_path": "gnugrep",
      "broken": false,
      "derivation": "/nix/store/hh1b8qb5api3m31fminggd2n6ka6phhs-gnugrep-3.11.drv",
      "description": "GNU implementation of the Unix grep command",
      "install_id": "gnugrep",
      "license": "GPL-3.0-or-later",
      "locked_url": "https://github.com/flox/nixpkgs?rev=d89fc19e405cb2d55ce7cc114356846a0ee5e956",
      "name": "gnugrep-3.11",
      "pname": "gnugrep",
      "rev": "d89fc19e405cb2d55ce7cc114356846a0ee5e956",
      "rev_count": 797896,
      "rev_date": "2025-05-10T19:10:37Z",
      "scrape_date": "2025-05-13T05:34:20.703613Z",
      "stabilities": [
        "unstable"
      ],
      "unfree": false,
      "version": "3.11",
      "outputs_to_install": [
        "out"
      ],
      "outputs": {
        "info": "/nix/store/52zy0rzyf6vwza5s4zz406j1cnvkvjwk-gnugrep-3.11-info",
        "out": "/nix/store/2wni3gbcf6fqwlfb2h9sv7jvqlpf1ylq-gnugrep-3.11"
      },
      "system": "x86_64-linux",
      "group": "toplevel",
      "priority": 5
    },
    {
      "attr_path": "gnused",
      "broken": false,
      "derivation": "/nix/store/mxxjy7bkj14qjj1qvk6jh9rczrn956is-gnused-4.9.drv",
      "description": "GNU sed, a batch stream editor",
      "install_id": "gnused",
      "license": "GPL-3.0-or-later",
      "locked_url": "https://github.com/flox/nixpkgs?rev=d89fc19e405cb2d55ce7cc114356846a0ee5e956",
      "name": "gnused-4.9",
      "pname": "gnused",
      "rev": "d89fc19e405cb2d55ce7cc114356846a0ee5e956",
      "rev_count": 797896,
      "rev_date": "2025-05-10T19:10:37Z",
      "scrape_date": "2025-05-13T04:25:17.139878Z",
      "stabilities": [
        "unstable"
      ],
      "unfree": false,
      "version": "4.9",
      "outputs_to_install": [
        "out"
      ],
      "outputs": {
        "info": "/nix/store/9sj7j9zh3ijgm7va53zssbdhpfjd07ni-gnused-4.9-info",
        "out": "/nix/store/lx4icjsdgqqs8j5nqrkfq72jbcjn3zgz-gnused-4.9"
      },
      "system": "aarch64-darwin",
      "group": "toplevel",
      "priority": 5
    },
    {
      "attr_path": "gnused",
      "broken": false,
      "derivation": "/nix/store/dv3ai205yvmxygllxzqml616ixl5xrj1-gnused-4.9.drv",
      "description": "GNU sed, a batch stream editor",
      "install_id": "gnused",
      "license": "GPL-3.0-or-later",
      "locked_url": "https://github.com/flox/nixpkgs?rev=d89fc19e405cb2d55ce7cc114356846a0ee5e956",
      "name": "gnused-4.9",
      "pname": "gnused",
      "rev": "d89fc19e405cb2d55ce7cc114356846a0ee5e956",
      "rev_count": 797896,
      "rev_date": "2025-05-10T19:10:37Z",
      "scrape_date": "2025-05-13T04:48:08.884381Z",
      "stabilities": [
        "unstable"
      ],
      "unfree": false,
      "version": "4.9",
      "outputs_to_install": [
        "out"
      ],
      "outputs": {
        "info": "/nix/store/vz5a3703hvdjd550zm755dzyka4ibcjp-gnused-4.9-info",
        "out": "/nix/store/56fav8x68b9li6lijbrvcp4wq1anfpwi-gnused-4.9"
      },
      "system": "aarch64-linux",
      "group": "toplevel",
      "priority": 5
    },
    {
      "attr_path": "gnused",
      "broken": false,
      "derivation": "/nix/store/r9x00a2pv02i73708dm5gl1051wiyr2b-gnused-4.9.drv",
      "description": "GNU sed, a batch stream editor",
      "install_id": "gnused",
      "license": "GPL-3.0-or-later",
      "locked_url": "https://github.com/flox/nixpkgs?rev=d89fc19e405cb2d55ce7cc114356846a0ee5e956",
      "name": "gnused-4.9",
      "pname": "gnused",
      "rev": "d89fc19e405cb2d55ce7cc114356846a0ee5e956",
      "rev_count": 797896,
      "rev_date": "2025-05-10T19:10:37Z",
      "scrape_date": "2025-05-13T05:08:11.834276Z",
      "stabilities": [
        "unstable"
      ],
      "unfree": false,
      "version": "4.9",
      "outputs_to_install": [
        "out"
      ],
      "outputs": {
        "info": "/nix/store/nycqfj6i37p3gy6hh90d29bnfj75mmch-gnused-4.9-info",
        "out": "/nix/store/i1p0sm2ngq0knrawm9lqb96wd7mxz92b-gnused-4.9"
      },
      "system": "x86_64-darwin",
      "group": "toplevel",
      "priority": 5
    },
    {
      "attr_path": "gnused",
      "broken": false,
      "derivation": "/nix/store/2jiz1cizpwxbnai7288pll7kjj5cw202-gnused-4.9.drv",
      "description": "GNU sed, a batch stream editor",
      "install_id": "gnused",
      "license": "GPL-3.0-or-later",
      "locked_url": "https://github.com/flox/nixpkgs?rev=d89fc19e405cb2d55ce7cc114356846a0ee5e956",
      "name": "gnused-4.9",
      "pname": "gnused",
      "rev": "d89fc19e405cb2d55ce7cc114356846a0ee5e956",
      "rev_count": 797896,
      "rev_date": "2025-05-10T19:10:37Z",
      "scrape_date": "2025-05-13T05:34:20.712491Z",
      "stabilities": [
        "unstable"
      ],
      "unfree": false,
      "version": "4.9",
      "outputs_to_install": [
        "out"
      ],
      "outputs": {
        "info": "/nix/store/sddxlvyrx0dqik077kycj2y28bw94mzy-gnused-4.9-info",
        "out": "/nix/store/1h8gf327cgid0jgjygrj31amp63mn7a7-gnused-4.9"
      },
      "system": "x86_64-linux",
      "group": "toplevel",
      "priority": 5
    },
    {
      "attr_path": "pre-commit",
      "broken": false,
      "derivation": "/nix/store/s3bksnd5y2r95x16xqykbkhkfy70w6r2-pre-commit-4.0.1.drv",
      "description": "Framework for managing and maintaining multi-language pre-commit hooks",
      "install_id": "pre-commit",
      "license": "MIT",
      "locked_url": "https://github.com/flox/nixpkgs?rev=d89fc19e405cb2d55ce7cc114356846a0ee5e956",
      "name": "pre-commit-4.0.1",
      "pname": "pre-commit",
      "rev": "d89fc19e405cb2d55ce7cc114356846a0ee5e956",
      "rev_count": 797896,
      "rev_date": "2025-05-10T19:10:37Z",
      "scrape_date": "2025-05-13T04:25:24.989303Z",
      "stabilities": [
        "unstable"
      ],
      "unfree": false,
      "version": "4.0.1",
      "outputs_to_install": [
        "out"
      ],
      "outputs": {
        "dist": "/nix/store/pniqd7vykf65f86sp8v467p9sylj81lv-pre-commit-4.0.1-dist",
        "out": "/nix/store/2ksz42abi49gf3vsb0ga48rah4024pxz-pre-commit-4.0.1"
      },
      "system": "aarch64-darwin",
      "group": "toplevel",
      "priority": 5
    },
    {
      "attr_path": "pre-commit",
      "broken": false,
      "derivation": "/nix/store/v83hp08hy2zrqkyzz4c862dh2snn57vq-pre-commit-4.0.1.drv",
      "description": "Framework for managing and maintaining multi-language pre-commit hooks",
      "install_id": "pre-commit",
      "license": "MIT",
      "locked_url": "https://github.com/flox/nixpkgs?rev=d89fc19e405cb2d55ce7cc114356846a0ee5e956",
      "name": "pre-commit-4.0.1",
      "pname": "pre-commit",
      "rev": "d89fc19e405cb2d55ce7cc114356846a0ee5e956",
      "rev_count": 797896,
      "rev_date": "2025-05-10T19:10:37Z",
      "scrape_date": "2025-05-13T04:48:28.292382Z",
      "stabilities": [
        "unstable"
      ],
      "unfree": false,
      "version": "4.0.1",
      "outputs_to_install": [
        "out"
      ],
      "outputs": {
        "dist": "/nix/store/hs6q88mzrg7ahs0q8zrpzdhcjx3q7hby-pre-commit-4.0.1-dist",
        "out": "/nix/store/ncrrahxiwhhbfhlahhchn4vjjbbx2bki-pre-commit-4.0.1"
      },
      "system": "aarch64-linux",
      "group": "toplevel",
      "priority": 5
    },
    {
      "attr_path": "pre-commit",
      "broken": false,
      "derivation": "/nix/store/dagb0gwg73zz92dmrl71badfj6g7f9s7-pre-commit-4.0.1.drv",
      "description": "Framework for managing and maintaining multi-language pre-commit hooks",
      "install_id": "pre-commit",
      "license": "MIT",
      "locked_url": "https://github.com/flox/nixpkgs?rev=d89fc19e405cb2d55ce7cc114356846a0ee5e956",
      "name": "pre-commit-4.0.1",
      "pname": "pre-commit",
      "rev": "d89fc19e405cb2d55ce7cc114356846a0ee5e956",
      "rev_count": 797896,
      "rev_date": "2025-05-10T19:10:37Z",
      "scrape_date": "2025-05-13T05:08:19.776274Z",
      "stabilities": [
        "unstable"
      ],
      "unfree": false,
      "version": "4.0.1",
      "outputs_to_install": [
        "out"
      ],
      "outputs": {
        "dist": "/nix/store/afkkcb5y82l2ccdy70n4d2y7zrmpzkmw-pre-commit-4.0.1-dist",
        "out": "/nix/store/hs34l5h2wqd4qkx8v94082y4qy6kaz4b-pre-commit-4.0.1"
      },
      "system": "x86_64-darwin",
      "group": "toplevel",
      "priority": 5
    },
    {
      "attr_path": "pre-commit",
      "broken": false,
      "derivation": "/nix/store/v3vxc9fvzj4gani0qmr64s72kwn8zbac-pre-commit-4.0.1.drv",
      "description": "Framework for managing and maintaining multi-language pre-commit hooks",
      "install_id": "pre-commit",
      "license": "MIT",
      "locked_url": "https://github.com/flox/nixpkgs?rev=d89fc19e405cb2d55ce7cc114356846a0ee5e956",
      "name": "pre-commit-4.0.1",
      "pname": "pre-commit",
      "rev": "d89fc19e405cb2d55ce7cc114356846a0ee5e956",
      "rev_count": 797896,
      "rev_date": "2025-05-10T19:10:37Z",
      "scrape_date": "2025-05-13T05:34:42.583607Z",
      "stabilities": [
        "unstable"
      ],
      "unfree": false,
      "version": "4.0.1",
      "outputs_to_install": [
        "out"
      ],
      "outputs": {
        "dist": "/nix/store/xaxz96ykrhz5rw55p9i5qvykd06zz285-pre-commit-4.0.1-dist",
        "out": "/nix/store/8y3rszv7dpch6l6hbixfhmdwmki75mqq-pre-commit-4.0.1"
      },
      "system": "x86_64-linux",
      "group": "toplevel",
      "priority": 5
    },
    {
      "attr_path": "uutils-coreutils-noprefix",
      "broken": false,
      "derivation": "/nix/store/mgxv6gic7djssgla4yhipj74dhshbpb0-uutils-coreutils-0.0.30.drv",
      "description": "Cross-platform Rust rewrite of the GNU coreutils",
      "install_id": "uutils-coreutils-noprefix",
      "license": "MIT",
      "locked_url": "https://github.com/flox/nixpkgs?rev=d89fc19e405cb2d55ce7cc114356846a0ee5e956",
      "name": "uutils-coreutils-0.0.30",
      "pname": "uutils-coreutils-noprefix",
      "rev": "d89fc19e405cb2d55ce7cc114356846a0ee5e956",
      "rev_count": 797896,
      "rev_date": "2025-05-10T19:10:37Z",
      "scrape_date": "2025-05-13T04:26:11.816310Z",
      "stabilities": [
        "unstable"
      ],
      "unfree": false,
      "version": "0.0.30",
      "outputs_to_install": [
        "out"
      ],
      "outputs": {
        "out": "/nix/store/xxdarpgkpmk1nphbq02z11ikkh0i6iis-uutils-coreutils-0.0.30"
      },
      "system": "aarch64-darwin",
      "group": "toplevel",
      "priority": 5
    },
    {
      "attr_path": "uutils-coreutils-noprefix",
      "broken": false,
      "derivation": "/nix/store/37vffk8jbb0ww4pkg2jyjfyf2ix0zqza-uutils-coreutils-0.0.30.drv",
      "description": "Cross-platform Rust rewrite of the GNU coreutils",
      "install_id": "uutils-coreutils-noprefix",
      "license": "MIT",
      "locked_url": "https://github.com/flox/nixpkgs?rev=d89fc19e405cb2d55ce7cc114356846a0ee5e956",
      "name": "uutils-coreutils-0.0.30",
      "pname": "uutils-coreutils-noprefix",
      "rev": "d89fc19e405cb2d55ce7cc114356846a0ee5e956",
      "rev_count": 797896,
      "rev_date": "2025-05-10T19:10:37Z",
      "scrape_date": "2025-05-13T04:49:34.985919Z",
      "stabilities": [
        "unstable"
      ],
      "unfree": false,
      "version": "0.0.30",
      "outputs_to_install": [
        "out"
      ],
      "outputs": {
        "out": "/nix/store/x1nav262drm6d9lh5sk16nffqgipvvly-uutils-coreutils-0.0.30"
      },
      "system": "aarch64-linux",
      "group": "toplevel",
      "priority": 5
    },
    {
      "attr_path": "uutils-coreutils-noprefix",
      "broken": false,
      "derivation": "/nix/store/c2l25lxzzfasv01dkj4y813d13v8swy9-uutils-coreutils-0.0.30.drv",
      "description": "Cross-platform Rust rewrite of the GNU coreutils",
      "install_id": "uutils-coreutils-noprefix",
      "license": "MIT",
      "locked_url": "https://github.com/flox/nixpkgs?rev=d89fc19e405cb2d55ce7cc114356846a0ee5e956",
      "name": "uutils-coreutils-0.0.30",
      "pname": "uutils-coreutils-noprefix",
      "rev": "d89fc19e405cb2d55ce7cc114356846a0ee5e956",
      "rev_count": 797896,
      "rev_date": "2025-05-10T19:10:37Z",
      "scrape_date": "2025-05-13T05:09:06.554601Z",
      "stabilities": [
        "unstable"
      ],
      "unfree": false,
      "version": "0.0.30",
      "outputs_to_install": [
        "out"
      ],
      "outputs": {
        "out": "/nix/store/p8nhqaq2wpib03sdayadvfp0x04r1jnh-uutils-coreutils-0.0.30"
      },
      "system": "x86_64-darwin",
      "group": "toplevel",
      "priority": 5
    },
    {
      "attr_path": "uutils-coreutils-noprefix",
      "broken": false,
      "derivation": "/nix/store/8bhfjsjjdj0p3yiv020qsg81q5i46z2a-uutils-coreutils-0.0.30.drv",
      "description": "Cross-platform Rust rewrite of the GNU coreutils",
      "install_id": "uutils-coreutils-noprefix",
      "license": "MIT",
      "locked_url": "https://github.com/flox/nixpkgs?rev=d89fc19e405cb2d55ce7cc114356846a0ee5e956",
      "name": "uutils-coreutils-0.0.30",
      "pname": "uutils-coreutils-noprefix",
      "rev": "d89fc19e405cb2d55ce7cc114356846a0ee5e956",
      "rev_count": 797896,
      "rev_date": "2025-05-10T19:10:37Z",
      "scrape_date": "2025-05-13T05:35:53.084328Z",
      "stabilities": [
        "unstable"
      ],
      "unfree": false,
      "version": "0.0.30",
      "outputs_to_install": [
        "out"
      ],
      "outputs": {
        "out": "/nix/store/vxfpnd1c2dmx843jmp1x149nqv0i4asr-uutils-coreutils-0.0.30"
      },
      "system": "x86_64-linux",
      "group": "toplevel",
      "priority": 5
    },
    {
      "attr_path": "uutils-diffutils",
      "broken": false,
      "derivation": "/nix/store/7mkhryd7npxv2zrz2qnmbn4s39lysmvn-uutils-diffutils-0.4.2.drv",
      "description": "Drop-in replacement of diffutils in Rust",
      "install_id": "uutils-diffutils",
      "license": "MIT",
      "locked_url": "https://github.com/flox/nixpkgs?rev=d89fc19e405cb2d55ce7cc114356846a0ee5e956",
      "name": "uutils-diffutils-0.4.2",
      "pname": "uutils-diffutils",
      "rev": "d89fc19e405cb2d55ce7cc114356846a0ee5e956",
      "rev_count": 797896,
      "rev_date": "2025-05-10T19:10:37Z",
      "scrape_date": "2025-05-13T04:26:11.818152Z",
      "stabilities": [
        "unstable"
      ],
      "unfree": false,
      "version": "0.4.2",
      "outputs_to_install": [
        "out"
      ],
      "outputs": {
        "out": "/nix/store/mhjn80s55pi1rvb4k4ww4zn9db1r1yvc-uutils-diffutils-0.4.2"
      },
      "system": "aarch64-darwin",
      "group": "toplevel",
      "priority": 5
    },
    {
      "attr_path": "uutils-diffutils",
      "broken": false,
      "derivation": "/nix/store/s70a85lk82f26sr9bkqabsw4ma011yik-uutils-diffutils-0.4.2.drv",
      "description": "Drop-in replacement of diffutils in Rust",
      "install_id": "uutils-diffutils",
      "license": "MIT",
      "locked_url": "https://github.com/flox/nixpkgs?rev=d89fc19e405cb2d55ce7cc114356846a0ee5e956",
      "name": "uutils-diffutils-0.4.2",
      "pname": "uutils-diffutils",
      "rev": "d89fc19e405cb2d55ce7cc114356846a0ee5e956",
      "rev_count": 797896,
      "rev_date": "2025-05-10T19:10:37Z",
      "scrape_date": "2025-05-13T04:49:34.988207Z",
      "stabilities": [
        "unstable"
      ],
      "unfree": false,
      "version": "0.4.2",
      "outputs_to_install": [
        "out"
      ],
      "outputs": {
        "out": "/nix/store/y9xsf4mrf6qn3fmvwyi2h53jky5y774p-uutils-diffutils-0.4.2"
      },
      "system": "aarch64-linux",
      "group": "toplevel",
      "priority": 5
    },
    {
      "attr_path": "uutils-diffutils",
      "broken": false,
      "derivation": "/nix/store/mapi7flb0mff0jfgxn9fbc3dqdf2xlc0-uutils-diffutils-0.4.2.drv",
      "description": "Drop-in replacement of diffutils in Rust",
      "install_id": "uutils-diffutils",
      "license": "MIT",
      "locked_url": "https://github.com/flox/nixpkgs?rev=d89fc19e405cb2d55ce7cc114356846a0ee5e956",
      "name": "uutils-diffutils-0.4.2",
      "pname": "uutils-diffutils",
      "rev": "d89fc19e405cb2d55ce7cc114356846a0ee5e956",
      "rev_count": 797896,
      "rev_date": "2025-05-10T19:10:37Z",
      "scrape_date": "2025-05-13T05:09:06.556438Z",
      "stabilities": [
        "unstable"
      ],
      "unfree": false,
      "version": "0.4.2",
      "outputs_to_install": [
        "out"
      ],
      "outputs": {
        "out": "/nix/store/axpdg0zyyijg9rrc4hwglbv1bsnld1iy-uutils-diffutils-0.4.2"
      },
      "system": "x86_64-darwin",
      "group": "toplevel",
      "priority": 5
    },
    {
      "attr_path": "uutils-diffutils",
      "broken": false,
      "derivation": "/nix/store/mzl027kvkzlzy0xahck6bmv5acnmsss8-uutils-diffutils-0.4.2.drv",
      "description": "Drop-in replacement of diffutils in Rust",
      "install_id": "uutils-diffutils",
      "license": "MIT",
      "locked_url": "https://github.com/flox/nixpkgs?rev=d89fc19e405cb2d55ce7cc114356846a0ee5e956",
      "name": "uutils-diffutils-0.4.2",
      "pname": "uutils-diffutils",
      "rev": "d89fc19e405cb2d55ce7cc114356846a0ee5e956",
      "rev_count": 797896,
      "rev_date": "2025-05-10T19:10:37Z",
      "scrape_date": "2025-05-13T05:35:53.086724Z",
      "stabilities": [
        "unstable"
      ],
      "unfree": false,
      "version": "0.4.2",
      "outputs_to_install": [
        "out"
      ],
      "outputs": {
        "out": "/nix/store/mbybf9mp3bf62422q1fl177kfhg2j4vv-uutils-diffutils-0.4.2"
      },
      "system": "x86_64-linux",
      "group": "toplevel",
      "priority": 5
    },
    {
      "attr_path": "uutils-findutils",
      "broken": false,
      "derivation": "/nix/store/rzdr5ijhs0wknpaxl54q1xx525syhg6j-uutils-findutils-0.8.0.drv",
      "description": "Rust implementation of findutils",
      "install_id": "uutils-findutils",
      "license": "MIT",
      "locked_url": "https://github.com/flox/nixpkgs?rev=d89fc19e405cb2d55ce7cc114356846a0ee5e956",
      "name": "uutils-findutils-0.8.0",
      "pname": "uutils-findutils",
      "rev": "d89fc19e405cb2d55ce7cc114356846a0ee5e956",
      "rev_count": 797896,
      "rev_date": "2025-05-10T19:10:37Z",
      "scrape_date": "2025-05-13T04:26:11.819985Z",
      "stabilities": [
        "unstable"
      ],
      "unfree": false,
      "version": "0.8.0",
      "outputs_to_install": [
        "out"
      ],
      "outputs": {
        "out": "/nix/store/hqdwd2jxfq90hgxp4ydmrwydfdqpim46-uutils-findutils-0.8.0"
      },
      "system": "aarch64-darwin",
      "group": "toplevel",
      "priority": 5
    },
    {
      "attr_path": "uutils-findutils",
      "broken": false,
      "derivation": "/nix/store/b4fj41wqq8lk9q20gsx4hscn6f6nixc7-uutils-findutils-0.8.0.drv",
      "description": "Rust implementation of findutils",
      "install_id": "uutils-findutils",
      "license": "MIT",
      "locked_url": "https://github.com/flox/nixpkgs?rev=d89fc19e405cb2d55ce7cc114356846a0ee5e956",
      "name": "uutils-findutils-0.8.0",
      "pname": "uutils-findutils",
      "rev": "d89fc19e405cb2d55ce7cc114356846a0ee5e956",
      "rev_count": 797896,
      "rev_date": "2025-05-10T19:10:37Z",
      "scrape_date": "2025-05-13T04:49:34.990530Z",
      "stabilities": [
        "unstable"
      ],
      "unfree": false,
      "version": "0.8.0",
      "outputs_to_install": [
        "out"
      ],
      "outputs": {
        "out": "/nix/store/12wh6dm29csy6ahxxcp9h8ilksx9r735-uutils-findutils-0.8.0"
      },
      "system": "aarch64-linux",
      "group": "toplevel",
      "priority": 5
    },
    {
      "attr_path": "uutils-findutils",
      "broken": false,
      "derivation": "/nix/store/rdr6rxhksaakxzyjnwndi7kg9hcbnsi2-uutils-findutils-0.8.0.drv",
      "description": "Rust implementation of findutils",
      "install_id": "uutils-findutils",
      "license": "MIT",
      "locked_url": "https://github.com/flox/nixpkgs?rev=d89fc19e405cb2d55ce7cc114356846a0ee5e956",
      "name": "uutils-findutils-0.8.0",
      "pname": "uutils-findutils",
      "rev": "d89fc19e405cb2d55ce7cc114356846a0ee5e956",
      "rev_count": 797896,
      "rev_date": "2025-05-10T19:10:37Z",
      "scrape_date": "2025-05-13T05:09:06.558290Z",
      "stabilities": [
        "unstable"
      ],
      "unfree": false,
      "version": "0.8.0",
      "outputs_to_install": [
        "out"
      ],
      "outputs": {
        "out": "/nix/store/d25xczv06qmil2v9g2vl2w0zwd6vw16z-uutils-findutils-0.8.0"
      },
      "system": "x86_64-darwin",
      "group": "toplevel",
      "priority": 5
    },
    {
      "attr_path": "uutils-findutils",
      "broken": false,
      "derivation": "/nix/store/1amlsflp3wfrzdqr5g9xawjaigcg06s3-uutils-findutils-0.8.0.drv",
      "description": "Rust implementation of findutils",
      "install_id": "uutils-findutils",
      "license": "MIT",
      "locked_url": "https://github.com/flox/nixpkgs?rev=d89fc19e405cb2d55ce7cc114356846a0ee5e956",
      "name": "uutils-findutils-0.8.0",
      "pname": "uutils-findutils",
      "rev": "d89fc19e405cb2d55ce7cc114356846a0ee5e956",
      "rev_count": 797896,
      "rev_date": "2025-05-10T19:10:37Z",
      "scrape_date": "2025-05-13T05:35:53.089112Z",
      "stabilities": [
        "unstable"
      ],
      "unfree": false,
      "version": "0.8.0",
      "outputs_to_install": [
        "out"
      ],
      "outputs": {
        "out": "/nix/store/8hkp6csg8jhw0bdcbwmly0a2lz35gb62-uutils-findutils-0.8.0"
      },
      "system": "x86_64-linux",
      "group": "toplevel",
      "priority": 5
    }
  ]
}