name: "Update Nix Flake Lock"

on:
  push:
    branches:
      - "main"
      - "unstable"
  workflow_dispatch:
  schedule:
    - cron: "0 03 * * 1-5" # “At 03:00 UTC on every day-of-week from Monday through Friday.” # https://crontab.guru/#0_3_*_*_1-5

permissions: {}

jobs:
  update-nix-flake-lock:
    runs-on: ubuntu-latest
    environment: update-nix-flake-lock
    permissions:
      contents: write
    steps:
      - uses: actions/create-github-app-token@bcd2ba49218906704ab6c1aa796996da409d3eb1 # v3.2.0
        id: create-token
        with:
          client-id: ${{ vars.APP_CLIENT_ID }}
          private-key: ${{ secrets.APP_PRIVATE_KEY }}
          owner: sheeeng
          repositories: |-
            nix
            nix-secrets
            nix-secrets-example

      - uses: actions/checkout@9c091bb21b7c1c1d1991bb908d89e4e9dddfe3e0 # v7.0.0
        with:
          token: ${{ steps.create-token.outputs.token }}

      - uses: determinatesystems/determinate-nix-action@2a0be2498974c2b6327e19780488744384637d88 # v3.21.7

      - name: Configure Nix with GitHub Token
        run: |-
          mkdir --parents ~/.config/nix
          echo "access-tokens = github.com=${{ steps.create-token.outputs.token }}" >> ~/.config/nix/nix.conf

      # References:
      # dependabot[bot] <49699333+dependabot[bot]@users.noreply.github.com>
      # https://api.github.com/users/dependabot%5Bbot%5D
      #
      # github-actions[bot] <github-actions[bot]@users.noreply.github.com>
      # https://api.github.com/users/github-actions%5Bbot%5D
      #
      # https://github.com/orgs/community/discussions/26560#discussioncomment-12555758
      # https://github.com/actions/checkout/blob/8e8c483db84b4bee98b60c0593521ed34d9990e8/README.md#L358

      - name: Update Nix Flake Lock
        run: |-
          set -o pipefail
          set -o errexit
          set -o nounset

          # Configure git identity.
          git config user.name "github-actions[bot]"
          git config user.email "41898282+github-actions[bot]@users.noreply.github.com"

          # Record current HEAD before updating, so we can detect whether
          # --commit-lock-file made a new commit with flake.lock changes.
          CHECKOUT_COMMIT_HASH=$(git rev-parse HEAD)

          # Update flake.lock file.
          nix --debug --log-format raw \
            --option commit-lockfile-summary "chore(deps): update flake.lock" \
            flake update \
            --commit-lock-file

          # Push only if flake.lock was actually updated.
          if git diff --quiet "$CHECKOUT_COMMIT_HASH" HEAD -- flake.lock; then
            echo "No changes to flake.lock file, skipping push."
            exit 0
          fi

          # Verify the flake evaluates successfully before pushing.
          nix eval .#nixosConfigurations.nixos.config.system.build.toplevel.drvPath

          git push origin HEAD
